
Microsoft Visual Studio Solution File, Format Version 12.00
# Visual Studio Version 16
VisualStudioVersion = 16.0.31424.327
MinimumVisualStudioVersion = 10.0.40219.1
Project("{FAE04EC0-301F-11D3-BF4B-00C04F79EFBC}") = "senai_spmedical_be_webApi", "senai_spmedical_be_webApi\senai_spmedical_be_webApi.csproj", "{0CDFDE70-7AE0-4C8F-864A-59C2AD89739D}"
EndProject
Global
	GlobalSection(SolutionConfigurationPlatforms) = preSolution
		Debug|Any CPU = Debug|Any CPU
		Release|Any CPU = Release|Any CPU
	EndGlobalSection
	GlobalSection(ProjectConfigurationPlatforms) = postSolution
		{0CDFDE70-7AE0-4C8F-864A-59C2AD89739D}.Debug|Any CPU.ActiveCfg = Debug|Any CPU
		{0CDFDE70-7AE0-4C8F-864A-59C2AD89739D}.Debug|Any CPU.Build.0 = Debug|Any CPU
		{0CDFDE70-7AE0-4C8F-864A-59C2AD89739D}.Release|Any CPU.ActiveCfg = Release|Any CPU
		{0CDFDE70-7AE0-4C8F-864A-59C2AD89739D}.Release|Any CPU.Build.0 = Release|Any CPU
	EndGlobalSection
	GlobalSection(SolutionProperties) = preSolution
		HideSolutionNode = FALSE
	EndGlobalSection
	GlobalSection(ExtensibilityGlobals) = postSolution
		SolutionGuid = {EEE8F6A6-E51B-43FC-A6CB-A5DDEF046025}
	EndGlobalSection
EndGlobal
